[ { mapKey = "Boolean"
  , mapValue =
      "b26be80347c38528b916cfe9211ebdf94619dadea3c3f89a240eee5d7f301e72"
  }
, { mapKey = "Chart"
  , mapValue =
      "73a88110c7cbfb5c79bfc00f0bee02a44179dc6b424587f09f90aa6419c604f7"
  }
, { mapKey = "Chart-cairo"
  , mapValue =
      "c6525387b9a20d5b6300c141a50187028233488e40b30f84e6760ff8b86033ce"
  }
, { mapKey = "HList"
  , mapValue =
      "da1c6c5c3c2691124722f6caa697cd9c9795c21d464c4bc694af5e1492980571"
  }
, { mapKey = "HTF"
  , mapValue =
      "cac2a44a6e7d2d5eb9db69ce912b4e4e44a8ec96d25ca3046fe64c82ad5fe004"
  }
, { mapKey = "HaTeX"
  , mapValue =
      "12bfddc0d945c3ac08ae581a5725e16f4cc9881dd069ab6639a81c81a6f52499"
  }
, { mapKey = "JuicyPixels"
  , mapValue =
      "e21f5b7e694d726d4cbac0fe5149b8d0d1dbfb7e6d072e869e9ad4a7308002c3"
  }
, { mapKey = "MemoTrie"
  , mapValue =
      "70a2ed47ef8fee60d4a1929052a4cb2e675d02de8cc499eb7b7987fa600de859"
  }
, { mapKey = "MonadPrompt"
  , mapValue =
      "0aeb6d97a890caac4b032de088c787f1d8bf1b1de103874fc404dd0b005c0bca"
  }
, { mapKey = "NumInstances"
  , mapValue =
      "fb9c83523cccde30ed3fad659235017eb5497781bc8f6f8ef18161f0eda2ce15"
  }
, { mapKey = "Only"
  , mapValue =
      "b76fafa860d27e1aa076d4455d3e583729e7bbefa903cf7a9f6499991df04bc6"
  }
, { mapKey = "Rlang-QQ"
  , mapValue =
      "5af070e120e8158cb48b818b9d9fded8561acc977ec2d518f775763b1b118344"
  }
, { mapKey = "active"
  , mapValue =
      "25a9ba102785ec3df7311b73e0cc10b810515addc4b8adab8db0cfc967f55c28"
  }
, { mapKey = "aeson"
  , mapValue =
      "4e3a47157946988d246c0f2537f883616dd007c6d164e1dafcef5d56cce26290"
  }
, { mapKey = "algebraic-graphs"
  , mapValue =
      "2b2d98f4e1819e387c471c13b02114c992fd6f2f42f1111ca660a2994a207212"
  }
, { mapKey = "apply-refact"
  , mapValue =
      "273cde868c4ef4947c386ff610c4081cfde725dc9d15a028ceaf6dcd2caef916"
  }
, { mapKey = "attoparsec-aeson"
  , mapValue =
      "44322439e0fd0ccf01dccf9106f1f7a6e4f57d8135cca25e58f0647dcd90d9b6"
  }
, { mapKey = "base-prelude"
  , mapValue =
      "768225d89b1495bbb3f64ea991887d3297278dacd028e750e94621e996f523a0"
  }
, { mapKey = "bibtex"
  , mapValue =
      "74e0843440674325a1ab6e21025d05e2aef445aaea29d26e2db2d57e1e52ae5b"
  }
, { mapKey = "binary-orphans"
  , mapValue =
      "f85bcd03649eef91be6cc7229d33a3f49b6a29fd18f7a9b683cdb0699029dd2e"
  }
, { mapKey = "blaze-textual"
  , mapValue =
      "7f4995e697751925145c55391953ccfd09d86e6fe9931d4517e4b9b9b57026a5"
  }
, { mapKey = "bytes"
  , mapValue =
      "fcb3a3212df790dd903261b812c55c5bce4a8da9f12a40271d396a5673ffba4e"
  }
, { mapKey = "cairo"
  , mapValue =
      "34574beefdf2d038728970f53913e53d4e14be2c2f5e5ec37942abeefc36f117"
  }
, { mapKey = "circle-packing"
  , mapValue =
      "86f8e8975bbb5f0e8367c628a323890b8333c691b35902da69495363ccea1481"
  }
, { mapKey = "co-log-core"
  , mapValue =
      "cdf11f325cb7157bbd1d1121d1f34c54d5a1ab696882bf8842c5d6f9a806b578"
  }
, { mapKey = "commutative-semigroups"
  , mapValue =
      "fe9a97df528e812659db0c7aed34334332687acfa2865cfb6246eebbfa477b0b"
  }
, { mapKey = "conduit-parse"
  , mapValue =
      "0c2188e0e6092c5ffa3410c6939c9588e52920d8c7981e9121309d0549c41917"
  }
, { mapKey = "constraints-extras"
  , mapValue =
      "783220b5e6e059b7ebda42534c6c8b81d3043152392c001e84126cd3aa5d7330"
  }
, { mapKey = "cpphs"
  , mapValue =
      "d326d355a01bb1ef86516b5677418c234d04f729fb04727d4c400724c55a5966"
  }
, { mapKey = "cryptohash-md5"
  , mapValue =
      "c107481e4aafad5070f9f60b30c60ad5df3bf7b59ae91fcd0e0a8e798344ff9a"
  }
, { mapKey = "cubicbezier"
  , mapValue =
      "376dbf7be23f215039a73fa111f4f85fac0ff5cd128cb627fb1a1dfcc809f644"
  }
, { mapKey = "data-accessor"
  , mapValue =
      "9fbf5c5e100291fd2cefbc79ee955c8929bd0e84bcb704a44440351695b53190"
  }
, { mapKey = "data-accessor-transformers"
  , mapValue =
      "7246890786a889932e3bf0297db7387da1d56ca451f22e36aa72388b89f5e06b"
  }
, { mapKey = "data-binary-ieee754"
  , mapValue =
      "1e043ec3293c8b20aa8c4d8379964d8c266ebbb9286114094d1d864b169964eb"
  }
, { mapKey = "deferred-folds"
  , mapValue =
      "ba41441be5894e26b4361bd384ac01f9cee5102ee1f8a7a3ca1e49b860d9d8b8"
  }
, { mapKey = "dependent-map"
  , mapValue =
      "b1527e20ead0046b4fe03f05efd5a999a3f9aae557d86260fd2f73badac23143"
  }
, { mapKey = "dependent-sum"
  , mapValue =
      "1ce2a8ab321237f30eab296009c1f3469a55cfcfd0521b5677733b8e693c87ae"
  }
, { mapKey = "deriving-aeson"
  , mapValue =
      "e88d8af029b0a2126bf31b1eec23bdf3051e3bf256af2b0ebe934c8f893f46a0"
  }
, { mapKey = "diagrams"
  , mapValue =
      "abd7cf2bf4e3645b9f014bd03d289e331523c81a411a5ace4dcbaa7db5e948c6"
  }
, { mapKey = "diagrams-cairo"
  , mapValue =
      "7c2007088f5b2eb2f7cddb87ce6bae9c47286dc42e9bc931d77b7047aa1ac48a"
  }
, { mapKey = "diagrams-contrib"
  , mapValue =
      "9ef3930a567d8ef2b523aa876e71f53ecd4528aeb763f4b4f7775553b694510f"
  }
, { mapKey = "diagrams-core"
  , mapValue =
      "def12b1b1e2f1d38ef28418897c9f8c75792885400a206965aca29edd67828f6"
  }
, { mapKey = "diagrams-lib"
  , mapValue =
      "d20a76cc9a3b486dc5e1aa15d93783ad99b27aff4e2da6726b575c44f00cf71b"
  }
, { mapKey = "diagrams-solve"
  , mapValue =
      "080026170fa52734fe0c514fcbc03281bbd258bf146801c18f6fb60ea05d590b"
  }
, { mapKey = "diagrams-svg"
  , mapValue =
      "4829806403078ae4a8ea2ff9159dc5ee9bea1f4e9a00502c7adc9a74703703a2"
  }
, { mapKey = "dictionary-sharing"
  , mapValue =
      "31771dcabbb14cb6d4ab5b4a5440736960cff524549922bdeb186c48d8e0a02c"
  }
, { mapKey = "direct-sqlite"
  , mapValue =
      "8534c0e4034a107525441fc642465223cff3fa28a80156e834683432937faf01"
  }
, { mapKey = "doctest"
  , mapValue =
      "5449088525fcec366ddc19e7ee334a0684f055bcc695a2b4dd1eddfe5bdb4ffa"
  }
, { mapKey = "doctest-discover"
  , mapValue =
      "27aca1c0850335d335d7d340f334107691eac3a0cd42549d99d2d785fc71f5c9"
  }
, { mapKey = "dual-tree"
  , mapValue =
      "61a0c218f98bdb2966c3842b947a251aabecaa8347ff249c6ddfb5a4befe4334"
  }
, { mapKey = "enclosed-exceptions"
  , mapValue =
      "770dbcfbac1e193355a1ce2eb7a7aaeefd56a7ac7c39fb2b93780f49835d7980"
  }
, { mapKey = "enummapset"
  , mapValue =
      "796b0f3e6f6d038890f8db0c9aa707b66cab432a87889203db318b40c638b009"
  }
, { mapKey = "fast-math"
  , mapValue =
      "0a32140d7f01c8da0b51698fdc7c85d3c0247873b5ccfaf5a183cb079d8e3b70"
  }
, { mapKey = "filemanip"
  , mapValue =
      "0ae39c5a3b97833b27dac4f3a98b80473876c50d1bec1d02bc4cac713cf2dbaa"
  }
, { mapKey = "filtrable"
  , mapValue =
      "f8bab5a1501aa5213bb1f4fefd3cadd079534955acd2bf93054debf65496925b"
  }
, { mapKey = "floatshow"
  , mapValue =
      "78d5da75d7003cde1fe5f2838b98506d7a1ebe25187a8282978b2383ddfb80a5"
  }
, { mapKey = "focus"
  , mapValue =
      "669e2cfbd7a90e3b98c58b6236658d0ce6b8f1d8b0cfd8cc3ca85b399706317c"
  }
, { mapKey = "force-layout"
  , mapValue =
      "74b70e3230d382283470e37e038c49d7b961c4badf84cbea82a1812ebeb83c15"
  }
, { mapKey = "fourmolu"
  , mapValue =
      "952f335080b0d53a9b4c89f1eac83cf1571e0c25fcf6139dffaac37544f9ca3e"
  }
, { mapKey = "fsnotify"
  , mapValue =
      "47c16fe21d973c4167743b8f54b449ac86fe028c49253423303654df0ef740b7"
  }
, { mapKey = "fuzzy"
  , mapValue =
      "6e4a79c8a95fd6ae0f90668d91255989cc1162770eb81f995c8bf9c419234e64"
  }
, { mapKey = "generic-lens"
  , mapValue =
      "c34efbc3dfc2f34dc17720aa9b171ad2160f3abce0a931b485baf7d4197a71f5"
  }
, { mapKey = "generic-lens-core"
  , mapValue =
      "6c415237d31bd29e2395b9d1408efcd12fb5cafc130e6f10792e1155aae12795"
  }
, { mapKey = "ghc-check"
  , mapValue =
      "4582f6e88462744d55e721b90d845ba472092f5511dbb7f7181320154f6def03"
  }
, { mapKey = "ghc-exactprint"
  , mapValue =
      "cf707a4a47dd0b39d477ed8b84e40ec213d36981e9d3d04bd98f971704c25a84"
  }
, { mapKey = "ghc-lib-parser"
  , mapValue =
      "88e1da5ddef8754403536333f17d0b3bc57eeb5a3f57c36c788408598aaf95ab"
  }
, { mapKey = "ghc-lib-parser-ex"
  , mapValue =
      "fb0c729c3709ce4e01d402db969c12206223aab327836362071f1de1b3c58cbc"
  }
, { mapKey = "ghc-parser"
  , mapValue =
      "a9303c265cf382175e42584cd656b90677a8421455552c4f62096d73518016bd"
  }
, { mapKey = "ghc-syntax-highlighter"
  , mapValue =
      "9a6ef6e882a086ac5d0491b98b9cbc75d9097238b6c1b296885ee3b73324fcbb"
  }
, { mapKey = "ghc-trace-events"
  , mapValue =
      "f469016e76fbb172833ec81edef810a175c8ab2e3183d23c2751cb870ff34dfe"
  }
, { mapKey = "ghcid"
  , mapValue =
      "73e13a7454e208ea295a1b09b306d17c166f58bf7a3736b1af14b3b067e4e93f"
  }
, { mapKey = "ghcide"
  , mapValue =
      "a2f27cb4bb249dea569978b490954fbdb526e9d3f65f4e8d9514ac1779e957bb"
  }
, { mapKey = "ghcide-bench"
  , mapValue =
      "3f2370048d8cf45cef3fd7ad630a80b29ee492b8fa0d7cb253091e585540a429"
  }
, { mapKey = "ghcide-test-utils"
  , mapValue =
      "ed4a17435c51b24734f180b3d0ee58bdb6453907644022e21f70f48575829bc0"
  }
, { mapKey = "githash"
  , mapValue =
      "26d31208389f8d8a37a6ae0f629a15190c727be88f6bf8aa6fa4c42b2698094f"
  }
, { mapKey = "glib"
  , mapValue =
      "4936270af25bfe146c9e7cc72f76ddce6003ac02738dcee121b7e5de328d14b7"
  }
, { mapKey = "gnuplot"
  , mapValue =
      "7f8e428a5a0ec8e833c9dae8f90c61788936cc813f567dfa28d5b4af648b1713"
  }
, { mapKey = "groups"
  , mapValue =
      "1be93433a115e5bd9242f06e9d65f599a09ef80f666a9a8f54af8a013c7b4c4c"
  }
, { mapKey = "gtk2hs-buildtools"
  , mapValue =
      "dd866ae2f497cd5f6337fa241e17f16ac9b2d8c21b2fb19d413ebdebcce759c8"
  }
, { mapKey = "haddock-library"
  , mapValue =
      "8811df03f2578e88ae47a418cf631cc01bce3f16dec210810b899d12c3c9631e"
  }
, { mapKey = "hashtables"
  , mapValue =
      "c6b52ac9f86e020762dc925e49065802fba44370530320fcac9a4f431f437743"
  }
, { mapKey = "haskell-language-server"
  , mapValue =
      "65d6dd642ea34a91de77d50c378c5e68a4ccd2d4fe4c6553f4c59bd5fe7e7a9e"
  }
, { mapKey = "haskell-src"
  , mapValue =
      "ed88c21bcaa21d8dbf91c8aeeed16937f238abcbfac90023ce8d5423b4c285ae"
  }
, { mapKey = "here"
  , mapValue =
      "6b05639df808973151a320976e3df1d5b8efcd7575e78a732289c0884fdf4232"
  }
, { mapKey = "hie-bios"
  , mapValue =
      "5fbf3eac5433d1ea5e61407784fb33e4ae6e719f1927b73f4d06f33ecbc6a443"
  }
, { mapKey = "hie-compat"
  , mapValue =
      "47569c1e793a5af93e970ae4170dafb89cb405b65092b515bcb69a496a9b3016"
  }
, { mapKey = "hiedb"
  , mapValue =
      "23f8b801978f9381c1b5663588c15ac1038d255c536f4ad8aa3f3c47962a7138"
  }
, { mapKey = "hinotify"
  , mapValue =
      "588dd44d0a2f26a3734033dec15bb91e8948e1ed8529facc05fc7269723facc8"
  }
, { mapKey = "hlint"
  , mapValue =
      "a6408486b837a4669dc1a36afa86851eba966883094aa51a010cdc880564fbcc"
  }
, { mapKey = "hls-alternate-number-format-plugin"
  , mapValue =
      "9ea8e480cb3adc62a6ab16b65a53b6dc912a60f2a56a822535a6e3d7779d86f3"
  }
, { mapKey = "hls-cabal-fmt-plugin"
  , mapValue =
      "653df33a2997e4a87862149ff445d472bd23ceb3e91a48f9e2963531c34658a0"
  }
, { mapKey = "hls-cabal-plugin"
  , mapValue =
      "3971a08fbd2f3d77be3b314f8b0a921620433715b3a3935d5de1c0d36b1bbedc"
  }
, { mapKey = "hls-call-hierarchy-plugin"
  , mapValue =
      "cf6b0810f279a773db8f011104967d9bcbc569b1a8dce7dfb8375b4985870546"
  }
, { mapKey = "hls-change-type-signature-plugin"
  , mapValue =
      "1ccd6a38ca6cf1c02a35af414604dede43e626e0ad2de6f4d11cb3801cbd11ba"
  }
, { mapKey = "hls-class-plugin"
  , mapValue =
      "a3ce7928adc089dd7d23e49787702c0c1668c59f40b43facf6557278bfecc8cf"
  }
, { mapKey = "hls-code-range-plugin"
  , mapValue =
      "f607254c3dc908a244c43a2213658a71e81980ecd55563edb1ef8fb36c868006"
  }
, { mapKey = "hls-explicit-fixity-plugin"
  , mapValue =
      "732d23eb3e7e9c79aa97bac534600532332a3c115c31ad63e929e65fdfe0eb37"
  }
, { mapKey = "hls-explicit-imports-plugin"
  , mapValue =
      "d5d991ba054ae70b91f44eba0d1cf353aefae680d051ba53f89ecdf45e9a6af4"
  }
, { mapKey = "hls-explicit-record-fields-plugin"
  , mapValue =
      "14e201829c8afbe944b14da73d18d18f448edf43c3ae2b06aa5521a3ad5dafce"
  }
, { mapKey = "hls-fourmolu-plugin"
  , mapValue =
      "10e87de1ebb1aa08ce5bde85fa23c276025c1606c4200d239057e1fe765344d5"
  }
, { mapKey = "hls-gadt-plugin"
  , mapValue =
      "98657598767b098e6551fbc22c727bdcc05f88f6766c71b61152cecabee7315c"
  }
, { mapKey = "hls-graph"
  , mapValue =
      "f0e0e962e7929b8d5e21e3db90315f64dd4e8e36598c4a5f2a7ed8267cab282f"
  }
, { mapKey = "hls-hlint-plugin"
  , mapValue =
      "597132f432ff145dc2d4960d9584e72098cb4ec831315f5a9efb8264b7d135e4"
  }
, { mapKey = "hls-module-name-plugin"
  , mapValue =
      "fbbad6208b5128205df068d2085c936510aed4b3e733ec88ebf29879bf5dd4ac"
  }
, { mapKey = "hls-overloaded-record-dot-plugin"
  , mapValue =
      "b3523be2cbcf3cc65b032eb65ec8cf7f4cb997f8666c9a98c417d537b0d96c60"
  }
, { mapKey = "hls-plugin-api"
  , mapValue =
      "0fd754d6ce78e5ea105b2b02ac0582423117677128e33c4ed9ae824082a876b9"
  }
, { mapKey = "hls-pragmas-plugin"
  , mapValue =
      "38ead1894fb9ccfebf431b8fdff9ed0e7c20c37defcf194c488bd4a53359f643"
  }
, { mapKey = "hls-qualify-imported-names-plugin"
  , mapValue =
      "e8b9fffe437d245263bd50d777fb00f279a44ddc85f14090eba1a60d42afe047"
  }
, { mapKey = "hls-refactor-plugin"
  , mapValue =
      "bbb077c0267471b856a827ac62c832761b595bc64483abf54c29731a2b55fe7f"
  }
, { mapKey = "hls-retrie-plugin"
  , mapValue =
      "9d6a9934a9d67601b99ef5bafff2dad1198bb85136f121d8e9a569dcde45afee"
  }
, { mapKey = "hls-splice-plugin"
  , mapValue =
      "2595a1c787ebcf058aa75688c7e5e7b5d46085170d8c262a34f16515d19565b7"
  }
, { mapKey = "hls-test-utils"
  , mapValue =
      "25765268499d170ad32b24a0f898709ccef8c69b0ca8f6e14f1ee3b66f3349d1"
  }
, { mapKey = "hmatrix"
  , mapValue =
      "c39d752494667d4f017507e912279019bbc0982ea7b728d68340f156064f81b5"
  }
, { mapKey = "hp2pretty"
  , mapValue =
      "9c4be417ae832e9fb9d209201656f689f58ad59fca081d1602a2be56b4ef291b"
  }
, { mapKey = "hspec-attoparsec"
  , mapValue =
      "8d8b31cb6a0d2adc20a0c772e128206c65c2bc83332d1c5f3906b33fb76977e4"
  }
, { mapKey = "hspec-contrib"
  , mapValue =
      "f7eaadc15c5bba164ec34bcc33e4dfe8ce241e41ec0b8f0cf78665f65bd83cb4"
  }
, { mapKey = "hw-fingertree"
  , mapValue =
      "57925f322369f7bcd90879e710e77ce5766a5ad67bef0131715d2c64987f29fb"
  }
, { mapKey = "hw-hspec-hedgehog"
  , mapValue =
      "173972704c0461ebafdb22bcacc0412931406ffc420cb2689669d44702026040"
  }
, { mapKey = "hw-prim"
  , mapValue =
      "6996af83d7157c80b7b9acd0294d62d883b15fa7697deb393624f2502cb5ca35"
  }
, { mapKey = "hxt"
  , mapValue =
      "dfa7aea49018dd9636230b0026add84c598b1e29aebf3cf8e21e169f2321efae"
  }
, { mapKey = "hxt-charproperties"
  , mapValue =
      "bed333d7ce04cff74889eee9739222d7289cd986c7858119e30380f5b6ff7794"
  }
, { mapKey = "hxt-regex-xmlschema"
  , mapValue =
      "b5c55d45db1d03e6d1d58412e43c3b396b68763c0e795862731394e0f46f783c"
  }
, { mapKey = "hxt-unicode"
  , mapValue =
      "7544493f3ec358007cb53ff599a91094d2cd3c475e21d6b3756906e16422698c"
  }
, { mapKey = "ihaskell"
  , mapValue =
      "b3bc05973f9dd2d7ce26be0d58b2c970de0bc5070d5b5c71b5bd8d470f6260eb"
  }
, { mapKey = "ihaskell-aeson"
  , mapValue =
      "35157669bb8ec4d3c9bf8fb4ffdc17bd6e576a3e12fc578619b4ccbbc4bff054"
  }
, { mapKey = "ihaskell-blaze"
  , mapValue =
      "72adff1e5950fa49e0829c3c1280672e5352f86f1ec995ea683a6a3d545f365c"
  }
, { mapKey = "ihaskell-charts"
  , mapValue =
      "63078bd79ea27d75803e1bf571795acdb7683deadac3c1a626b11a4c6e726671"
  }
, { mapKey = "ihaskell-diagrams"
  , mapValue =
      "ec0e497b9ce2c800e367888ca13b3f7012dcaa4f0fa067508b4078173e52f3cd"
  }
, { mapKey = "ihaskell-gnuplot"
  , mapValue =
      "5d12f4ea9ab039620ead26b14f74764a453d4250bf8f33a16fb2e40b75396282"
  }
, { mapKey = "ihaskell-graphviz"
  , mapValue =
      "7a38d52cb1ebb609e986558515cf78ec51edee11b6f51cdd7018442c46b6d7fa"
  }
, { mapKey = "ihaskell-hatex"
  , mapValue =
      "e4972715f73dbcf1400738b6a4799a34b76515bd18ebb3229c2484264b67c980"
  }
, { mapKey = "ihaskell-juicypixels"
  , mapValue =
      "8ce98167d6e8acb47d9ee74bfe3e2b30b4e34cd9ca1d5a0ed5b1a08424775ae5"
  }
, { mapKey = "ihaskell-magic"
  , mapValue =
      "7c81401036ca0c1e9df0bb8c84a67fc450c93a1847723b368177d7d10eb45b0f"
  }
, { mapKey = "ihaskell-plot"
  , mapValue =
      "9db978e9e92aca21991d6dfdab80abcc0ba1aef85b2210d8c3c57f149e07ef16"
  }
, { mapKey = "ihaskell-widgets"
  , mapValue =
      "f1ba4b40dcb82c9d9f90e1382c76bd0452004f760a73b430f9987c364def0ab6"
  }
, { mapKey = "implicit-hie"
  , mapValue =
      "07021e9872779a063889b51c69d168f6c1b98f09717d63e6f6629db6aa1f2f0f"
  }
, { mapKey = "implicit-hie-cradle"
  , mapValue =
      "0c72a5460c87c2559a9ccfe54b67a924e08a328c170423715e8f591a2b491cb7"
  }
, { mapKey = "indexed-profunctors"
  , mapValue =
      "ead9bc221e8fd9925c41617b7047522e139a0808c1b94f7f1fc7d93f37e65c00"
  }
, { mapKey = "integration"
  , mapValue =
      "10fa177d0b55c63b6ba4dd00a66d16fa3e4024161969fdcc5ae9d76b4ed9920f"
  }
, { mapKey = "intervals"
  , mapValue =
      "583a75930cdd905a147599804520216d1211a07c3cbf301426050ba454532622"
  }
, { mapKey = "ipython-kernel"
  , mapValue =
      "1b3c72a86599d63d4d6705cbdf397e19c444cb2174478661dc6cff0a83951bcd"
  }
, { mapKey = "keys"
  , mapValue =
      "3edb6d540f777f36d454f48062417764c28e42aad84e2cc9e1ca1a2de7884aa1"
  }
, { mapKey = "latex"
  , mapValue =
      "e26260b3eddef2390436a26fe67dde1b27631ecde722a0726030f9898260d12c"
  }
, { mapKey = "linear"
  , mapValue =
      "ba764d3bccf8a084ea4af1d7b9f524bf23643f6c7cc79fad0d023b6dbbec518e"
  }
, { mapKey = "list-t"
  , mapValue =
      "7555b51cbd85bf809e627f4ca8ae62164bc76a69284c9b89d5d0bbec5d895184"
  }
, { mapKey = "loop"
  , mapValue =
      "e4a6658b10b002e05ef1bfc3db0a6391680e50f34898daf2005a0ec44074603d"
  }
, { mapKey = "lsp"
  , mapValue =
      "79354574f58dcbee91bc92316dca1adf537666d3277de2eb6092548e73793cb9"
  }
, { mapKey = "lsp-test"
  , mapValue =
      "9c30b0e3d60c0ae6907544392da29fefb87fcc867f16b1a08d1382a0953c9907"
  }
, { mapKey = "lsp-types"
  , mapValue =
      "363fe1cfe7a8474b1f1a0bf8f04b4eae81dc28712fa87158b4c1debeec191265"
  }
, { mapKey = "lucid"
  , mapValue =
      "c82050fd6b01126894df0874d5cbb7bb849e44bcccd4d1bf38d89c837480dad2"
  }
, { mapKey = "magic"
  , mapValue =
      "e1120cbad54510313a0c86afaceb62225265227fdadfecd24e77b5ce5c6507cc"
  }
, { mapKey = "matrices"
  , mapValue =
      "caceda647e7169f7f639bee047bebe5f5ee3ab75b79bc08f2d3ffc8a8ec8e0ce"
  }
, { mapKey = "matrix"
  , mapValue =
      "3e81b58c1200997cf6af6b5c258d5f1464f724805d17a2b69ba48f1e39e16fa6"
  }
, { mapKey = "mfsolve"
  , mapValue =
      "5449de00863bcc19766e5b8eced6aeea801e42a344bc304c8a2d63589ac6aba2"
  }
, { mapKey = "mod"
  , mapValue =
      "f03a0352b8659a9e0555b60b710a26ccb2e45a135ec30b75db3dfa11c01c32cf"
  }
, { mapKey = "monad-loops"
  , mapValue =
      "4ca8ffd53a7343d889d8496d62e5aff8fce8efb85a394809e1527e50045bf5d1"
  }
, { mapKey = "monoid-extras"
  , mapValue =
      "ca1374a6cfd247e27aa9770f732d762901013d2284c8350f08404180db0a5e31"
  }
, { mapKey = "monoid-subclasses"
  , mapValue =
      "8c20970b9f088825f97fe171ba72dd5906143f6333c5906c690ed92875c022a2"
  }
, { mapKey = "mtl-compat"
  , mapValue =
      "e780b09b5c525cfa7a296eeecbcb88646fc382eafedd5c143c83e88bf0bbb513"
  }
, { mapKey = "mtl-prelude"
  , mapValue =
      "7e27ac1b9b7312b61a111a26903cbf677955aec2cb2cebc405273eaf96da601a"
  }
, { mapKey = "network-info"
  , mapValue =
      "35a2d820c7be25d5bd0d5e87d52e38c64674909f61ae4bd6af1ec6d3d3f8563a"
  }
, { mapKey = "newtype-generics"
  , mapValue =
      "b33b4f9d7c7b8865ad989185124b370a592c69343d62f8fdd8ce1c901e7803ac"
  }
, { mapKey = "numeric-extras"
  , mapValue =
      "e5d20f538f79b1e491228d6d4c3554f3be5631781241c359760e1ac6bec95b95"
  }
, { mapKey = "opentelemetry"
  , mapValue =
      "fbacc271b52a0726c03938c3d3acd0e3e2b058b1993fbe08ccf97edbe308948c"
  }
, { mapKey = "operational"
  , mapValue =
      "b9e7518bec7b175c34d77c88bd5709de6de3b3c0c15f7b625f688f660b86eb05"
  }
, { mapKey = "optparse-simple"
  , mapValue =
      "d15e8b2a8c7ca082aca4846887721b58ae5a68c638e893c2cf8c3f7ba0f03446"
  }
, { mapKey = "ordered-containers"
  , mapValue =
      "82399ab7c3bc5396733b8f6bd020287315bb4f5f7370930cdaeaa2e3ba7d5ac3"
  }
, { mapKey = "pango"
  , mapValue =
      "b217fed3148677ef9c318dab6f0a8c8935f3afdbc6b28ec0c38c062a4c97e90a"
  }
, { mapKey = "parsers-megaparsec"
  , mapValue =
      "c8a66f1c6ac3f9abe06ed8e1c3c15a1cfeb232390045823d41a64459d710e53b"
  }
, { mapKey = "plot"
  , mapValue =
      "bdf47cfce54712fd6b19c5a8dc084a6c80a06cb333a39e57e3dd66a09ea3566c"
  }
, { mapKey = "pointed"
  , mapValue =
      "d9d08a0b45be2e60cbe3b0e9e98e57cdc1d8472ac865cff31490da47862323d9"
  }
, { mapKey = "polyparse"
  , mapValue =
      "a19da2fa21d9d51d8e2e1a276261dd3d8f68cbf8b32cb6a8986bfacd79edc580"
  }
, { mapKey = "primes"
  , mapValue =
      "579a048904117d13e656d9abefd7f577167cf05bb7f2f42fd2754ea1cc84dc81"
  }
, { mapKey = "primitive-extras"
  , mapValue =
      "897b3d555fe3914e6172b5766b1ebff130377f70367ceb2a27c5863d6710c75f"
  }
, { mapKey = "primitive-unlifted"
  , mapValue =
      "d85ed2653076e0a8d9b36896f13f54231fe154370236b69617bf61da1b99ec13"
  }
, { mapKey = "random-fu"
  , mapValue =
      "6659301d3105d3d45ace809f32759e29135f5337dbdc6af29ebe55d9eb9a874e"
  }
, { mapKey = "rebase"
  , mapValue =
      "18f70a77692ef1164c4c7b95d9e908c5a01a2f2bf491805bc6691890973669d6"
  }
, { mapKey = "refact"
  , mapValue =
      "d595872832b3dd5b77f6deb4fbc596f382c9131c33c6b4e2651ee585285a44ea"
  }
, { mapKey = "regex"
  , mapValue =
      "bd4967a3aed588e51d691aa42545631e0697cac7797837b00143720bdbe99c8b"
  }
, { mapKey = "regex-applicative"
  , mapValue =
      "b86b60cd1cbc430dfb12cc7bd6e91ec662993dedbdf0b863f980f8173070050c"
  }
, { mapKey = "regex-compat"
  , mapValue =
      "27f83a797b3aeea7206ccd9ea1f098b5d05de625bae7d46d780c4c7867915ec2"
  }
, { mapKey = "regex-pcre-builtin"
  , mapValue =
      "4db876fb02404013c96d33247d23ff7dce83e46fa0d19cc7eb14641185e90fb6"
  }
, { mapKey = "repa"
  , mapValue =
      "4ccabab6a84b440f9c00c5d15afdbdb93c68123ed84717156c72863820f311db"
  }
, { mapKey = "rerebase"
  , mapValue =
      "03551ea2d4047e7ed9dd1a79330cbf22470e7990abbd28bc9240934b38c4343c"
  }
, { mapKey = "retrie"
  , mapValue =
      "d89b05d0ebeb1e2f71cbd0b5b500bc746f2ecf4477feff8991cb5e2f541d0832"
  }
, { mapKey = "row-types"
  , mapValue =
      "a37b706298a7944741a795b158949c9b6f1fed1e928c6c1482a93ebdd57e0679"
  }
, { mapKey = "rvar"
  , mapValue =
      "b25255b7cff68a832f55fa7f635c4da323d310597becc7139055373ca56d0123"
  }
, { mapKey = "shelly"
  , mapValue =
      "188bceab600ebf6582eb6d34fe5ce407d141b4c1e21b72b5281ab8caf32d739e"
  }
, { mapKey = "should-not-typecheck"
  , mapValue =
      "a3d17893eb0263ecd074b3d3acb74e3da8af4e8ae02b4b2d65d20a5b31cc282b"
  }
, { mapKey = "singletons"
  , mapValue =
      "3794647db60781862718845669b5b889b4d6ddf81dbced4f676596dc03c95cf0"
  }
, { mapKey = "singletons-base"
  , mapValue =
      "a07cb825c95c70c44003f10acd44d6c2d2b3b49a877af961afcae00cb340dbac"
  }
, { mapKey = "singletons-th"
  , mapValue =
      "e0f5fe7b3164ada93df85657c38134b14f3434c7462c6b0cdaa76e1c96f237d6"
  }
, { mapKey = "size-based"
  , mapValue =
      "b83aed070db70726f60a7be6d1418b756fd96ae91ad3d57cedf32a466f9e240d"
  }
, { mapKey = "sorted-list"
  , mapValue =
      "653400d4bce3b428e4d9548590226e0760b4ed7c419862b143fa52761f313f0d"
  }
, { mapKey = "sqlite-simple"
  , mapValue =
      "272986ff508858dc56976d021144c615fa838f61e4e0fb4446ae3c52899acea9"
  }
, { mapKey = "statestack"
  , mapValue =
      "8826eeead30e76c30ac9488afb9b0c99c90ef70b8da86470659d9eb619d856c0"
  }
, { mapKey = "stm-containers"
  , mapValue =
      "9778005799576c1b0c8e66327452debfa0e19fbc8337e5a6753ab6c95a03da05"
  }
, { mapKey = "stm-hamt"
  , mapValue =
      "2b9068667251328b90977d8c8a224efaeecd6f8caf61dbd85789a9924045f0b6"
  }
, { mapKey = "storable-complex"
  , mapValue =
      "c9169d71f3a173c4ff68d6ebd768755322c96066832606905e7ef6d621b28d27"
  }
, { mapKey = "tasty-rerun"
  , mapValue =
      "1abe3d988fec9198978dd928ef7ca3c0583f15a6c058d1aeb0b8a1cf4268a619"
  }
, { mapKey = "testing-feat"
  , mapValue =
      "babded554c99df2ce6074e853b9ca1d3765c4591bce38e9c05584ff9b2710291"
  }
, { mapKey = "testing-type-modifiers"
  , mapValue =
      "e5fdcd67cb1473c656713b3eb1ca9f6928b63d82383d88e3f24e7f564f913138"
  }
, { mapKey = "text-rope"
  , mapValue =
      "12f49eace3aa958e73d77c9595f8962099a7f67f29f90024f7c37ec038a44ab4"
  }
, { mapKey = "th-desugar"
  , mapValue =
      "79d83b266aa39093963e6e0c6aa9497ade97ac86ed017d53c4913d7dff5e30dd"
  }
, { mapKey = "time-locale-compat"
  , mapValue =
      "9a9dca0e087e6e829f819a3a18b2df4657d64232bbbeff8c5cbceebb71fc2428"
  }
, { mapKey = "uuid"
  , mapValue =
      "8d3e7e09405a29896eaef0fd35b27f1a2f9c011fa198874529cdfa83a9a404c9"
  }
, { mapKey = "vector-instances"
  , mapValue =
      "440da2b652b2ee1aaccc48fec80a5bc7f0b6449ec61bf38612de38130ac8377f"
  }
, { mapKey = "vector-space"
  , mapValue =
      "5d7206f559e12cf99289b93c6f2b98e0762e8ab6216d409376f307e95c4c6c8a"
  }
, { mapKey = "vinyl"
  , mapValue =
      "9e3ce7a600f251390cd543f1bfa94af420c3cf450096497371dfd7db2591e61d"
  }
, { mapKey = "xformat"
  , mapValue =
      "2e4333d75ba52161899003b81b78d1a6e3aab6f47f521c93e56b4189bf643080"
  }
, { mapKey = "xmlgen"
  , mapValue =
      "d178da6762fff86696ed342ebdec52d1a6d017d08014b0de3ccc621a33dccfdf"
  }
, { mapKey = "zeromq4-haskell"
  , mapValue =
      "b766028e899a4371909a36a98dfe9b5a0157bea87e4383156134280039817fa9"
  }
]