[ { mapKey = "HTF"
  , mapValue =
      "a761279451a840c128c58b4e9a7637e4dfe08b5cbe0da170cf12f7f5d84fb80e"
  }
, { mapKey = "MemoTrie"
  , mapValue =
      "e5550bf78db0e0e32a46a26693f7f7da8479573d0f24f03f7cd44bbfbb1538bd"
  }
, { mapKey = "MonadPrompt"
  , mapValue =
      "d68d40b77c050deb08fe36439bb5ddac48b87a5721550b4084ff6be7b7b5bbc7"
  }
, { mapKey = "Only"
  , mapValue =
      "934662abfd1b36b8be386d10607b9ecaa5066f39ba7bdca6246d4f0f2c218052"
  }
, { mapKey = "aeson"
  , mapValue =
      "3448300829c03ae7c1381777881553e29b2843cb77a54d711603945b1c0522bf"
  }
, { mapKey = "algebraic-graphs"
  , mapValue =
      "5bc7a25ddccd406e860edc65691ab3e5805689505648e4c335a3fc30090ed999"
  }
, { mapKey = "apply-refact"
  , mapValue =
      "f2ebc246f7f8aa10026183d67f37fba78e2a6db3255d70702be947ad89fc9ca9"
  }
, { mapKey = "attoparsec-aeson"
  , mapValue =
      "bb074565647f13c34f4a494dba95e655553ca8830aa2e906d4cbcf25da103d00"
  }
, { mapKey = "base-prelude"
  , mapValue =
      "3d8b8d3803988721a962b3231c9c4bf12b9b8a5833e6d2090dbdae6080051539"
  }
, { mapKey = "blaze-textual"
  , mapValue =
      "dccf60702634bb2f748d7473c597588db7b6fde3d9f84bb0adb3d0e5be314c35"
  }
, { mapKey = "co-log-core"
  , mapValue =
      "ce6d49dc90b04f78f632d9d496e8cf02d469150ec2cbfd4c1ff8a73965636071"
  }
, { mapKey = "commutative-semigroups"
  , mapValue =
      "d4e4ac806dc96e65a0fc8b1a6af02eff0f8e7faa431bb976beb64ea97cc65bb0"
  }
, { mapKey = "conduit-parse"
  , mapValue =
      "84a38cd31dd1ca81063dd86a91178dc36fca35b775cb416c0d30d1d2bf40aaba"
  }
, { mapKey = "constraints-extras"
  , mapValue =
      "ab4a61eadafdd406c25391be3f8723f08855ebeec9c8ae342adc8618e96932e1"
  }
, { mapKey = "cpphs"
  , mapValue =
      "d971f08983b9ab264aeda8bf311849ea16b6477e675a477874c7f0f0e6fd0293"
  }
, { mapKey = "cryptohash-md5"
  , mapValue =
      "55ac921acfef3a62afc14a11b3362ec21f0a6e790806c4aa40aae1f500473e00"
  }
, { mapKey = "deferred-folds"
  , mapValue =
      "3bacd756efe4b18b1b7961c45a0cb106d37df2d3fd3987f4a7dca8984718c8c4"
  }
, { mapKey = "dependent-map"
  , mapValue =
      "b05094f68912fc28b7a0d32829d215265c9fc157dc26ab73e45cb6591f1d26d0"
  }
, { mapKey = "dependent-sum"
  , mapValue =
      "25a829580033a1fbc2854ab58e5fb809e99d0ccbc949ab5d86778a39f8eac9ad"
  }
, { mapKey = "deriving-aeson"
  , mapValue =
      "810010b71e708eca4d5186db419479acbe803ccaffbf4ed5ae2146ba73d70a4b"
  }
, { mapKey = "direct-sqlite"
  , mapValue =
      "96b6741ddfc362edd0c81edcf6266dcc1f0b3dd05654ba4359dfb49f64457a95"
  }
, { mapKey = "doctest"
  , mapValue =
      "313b6b5546e8b8e74080d9ca3a6accf758dd085dc8dc60ee6dd272d350d5785d"
  }
, { mapKey = "doctest-discover"
  , mapValue =
      "857ee3482b71ab85106ea0961e9e382b2d205f669990a23e162a647db64b884b"
  }
, { mapKey = "enummapset"
  , mapValue =
      "631236adbadad2328d9d18c8efed07e1125c09ce43f7023ec97f0d9be34c10bc"
  }
, { mapKey = "filemanip"
  , mapValue =
      "2d8010d631ad0ed8a8a15a4496ccf556b30b33f2b3883dda1c99a1e87da18665"
  }
, { mapKey = "filtrable"
  , mapValue =
      "ecef550bc9b300ae74ea045b043ced8a91b09fbc038a09eecdda2b2f29ecaef4"
  }
, { mapKey = "floatshow"
  , mapValue =
      "9f97e901ea8619d2b14a5450b398e967fddad24773c2da0995fbbdb61912c5cc"
  }
, { mapKey = "focus"
  , mapValue =
      "b2f56c1f0a46c3bc46b8ace0b510c65ad9dd73b89683ed3c713db7bf5b06fcea"
  }
, { mapKey = "fourmolu"
  , mapValue =
      "6ff97a82971010cee09e8479bdec49fefc86b0060d29d924f80ef4da212f82c3"
  }
, { mapKey = "fsnotify"
  , mapValue =
      "651862df16f46b7b5e6432c3c5056bb24ed4d552c2b004c4900dd9cf40a0d1f6"
  }
, { mapKey = "fuzzy"
  , mapValue =
      "d1ed85ef697869c629c69db5e6657df6b7b9daa3e9bf82bedbd060b9a7d74eb5"
  }
, { mapKey = "generic-lens"
  , mapValue =
      "a02c2a4175435199ee5f8d0aaafe9d1106daac75ebaa5678515a493ed2ee3d2a"
  }
, { mapKey = "generic-lens-core"
  , mapValue =
      "850a0cbfd87c042798e087b71b7a243bda41c31a6b7f520d84b351cb241ad998"
  }
, { mapKey = "ghc-check"
  , mapValue =
      "21ba384d659fe4a763d3bb4b8db6b500ee6a6bbf6b37ee57a28eefc770317bb1"
  }
, { mapKey = "ghc-exactprint"
  , mapValue =
      "6e96bf00d45a8b48a1886870d69c677a944e7facb58cb12b589acea1a2b1fc3a"
  }
, { mapKey = "ghc-lib-parser"
  , mapValue =
      "0ff97e8d36472115f2dca4fa7376d554ce5fa9c6cf921cfaf27a91fca30f7b97"
  }
, { mapKey = "ghc-lib-parser-ex"
  , mapValue =
      "58ca5eca3fe0793f3096308ab9b34bcedcac762931b2d9090fe7e9d4e3ebb2c5"
  }
, { mapKey = "ghc-trace-events"
  , mapValue =
      "b374911645a0f26097763fedf953afc3d07dffe258fa8c98977b8d4d38fd62ac"
  }
, { mapKey = "ghcid"
  , mapValue =
      "4f5ea84ea90fb71c97df548caa9104f8e38920bdaff54afb5ce1e07dff52838d"
  }
, { mapKey = "ghcide"
  , mapValue =
      "862d598a9c79eddb692c6acb2e3e49a2a016a184f9d988a9b344176780b43f7e"
  }
, { mapKey = "ghcide-bench"
  , mapValue =
      "91c2bb34d3db5a2c04d1ffe83840fc292238274d9ad349a7f18c281bfa042f34"
  }
, { mapKey = "ghcide-test-utils"
  , mapValue =
      "ce8996161f359b8b8ccc091199d4c9c60b64990e7093e2bebfb21f011880f423"
  }
, { mapKey = "githash"
  , mapValue =
      "e82b31b7ad7af08cc397b411d5dd3a16a415ec5d64fa2b6d2913a97d514de355"
  }
, { mapKey = "groups"
  , mapValue =
      "df266812c5baf36e4a1a494e212a115791ca95af0afc1fa234b63338b0e187e2"
  }
, { mapKey = "haddock-library"
  , mapValue =
      "debbf276b39795b55351d2d1df73c3f5f4c31dcabf056eb6e74c14ac501a0513"
  }
, { mapKey = "haskell-language-server"
  , mapValue =
      "8c6bee7156e989464648f76ee4e29045dc2c21b4e790cfebec29523067d7f0ae"
  }
, { mapKey = "haskell-src"
  , mapValue =
      "dd3f1bdd1290b58fed3eeafeaaba3c4b63b7900cdb5065483fbb5cc9f479ad08"
  }
, { mapKey = "hie-bios"
  , mapValue =
      "5c85fb881d3659aa33b030e0e055a899f62f62058af23b936f38281aab01c60e"
  }
, { mapKey = "hie-compat"
  , mapValue =
      "acc2b4c4a58d59dece5bcdadb8c547738d6d78a43527001d0b02895ba433f9bb"
  }
, { mapKey = "hiedb"
  , mapValue =
      "56564981597071e01223e4a7e066c707036b351d3b743e108df5855c6a04134c"
  }
, { mapKey = "hinotify"
  , mapValue =
      "cb70a83b40160c5206fe4f2bb548486e71f2ec461b3dbd0d3900c4bc638d5325"
  }
, { mapKey = "hlint"
  , mapValue =
      "e96b7b6486b4600897a4b3c7b46da3a71e4b173ba9eb6fbf36376ec32d93e5dc"
  }
, { mapKey = "hls-alternate-number-format-plugin"
  , mapValue =
      "606d72afd68e1ed498092a8c858bfcdc5c546d096b21f66cbc661feaf98d2c4a"
  }
, { mapKey = "hls-cabal-fmt-plugin"
  , mapValue =
      "773a34e46dcd46c968ed6250989370c73a918b21ae0e902bfd615e5435136438"
  }
, { mapKey = "hls-cabal-plugin"
  , mapValue =
      "ade85f9848af041682e9ed92463b0612d88b42525e8a537af5f8492fbd6105e2"
  }
, { mapKey = "hls-call-hierarchy-plugin"
  , mapValue =
      "1a9b11cb159d18afad529f72829ebd1bd9f2e8a790b7885c0f78cec4f2425404"
  }
, { mapKey = "hls-change-type-signature-plugin"
  , mapValue =
      "7c2c58212e844d761a350d05dec83f58088c724b05d371f1a2099028c273ecd5"
  }
, { mapKey = "hls-class-plugin"
  , mapValue =
      "15995f1807a8bf79ef5a1bfe3d41969b4be0553fb60cf9c6ee2667669fe6f7f0"
  }
, { mapKey = "hls-code-range-plugin"
  , mapValue =
      "ff11ead815c3d959bdfe32550107ec330d9a6c05468c7eb8189eec237e172fbd"
  }
, { mapKey = "hls-explicit-fixity-plugin"
  , mapValue =
      "809744eaee131d755038972f5bb6561d90521f8fbdd7944671b1b36ce165e51c"
  }
, { mapKey = "hls-explicit-imports-plugin"
  , mapValue =
      "ac694b86bb2043a0da16377ea32b0f08f85711b47dd61e5a3b19688e9c30fca7"
  }
, { mapKey = "hls-explicit-record-fields-plugin"
  , mapValue =
      "e34cf05a00bc2a29c2281290f76289082f90397cd498994d07b773bde10f13a6"
  }
, { mapKey = "hls-fourmolu-plugin"
  , mapValue =
      "a10e36d8f156b5fd997b7006368e06c45d9864f1718c6cfedf8ccc470502edbe"
  }
, { mapKey = "hls-gadt-plugin"
  , mapValue =
      "c7b77b6b511ab2be4be853dfb5ef7fe217fbbba6654d5a81c7cddaa6404d1f66"
  }
, { mapKey = "hls-graph"
  , mapValue =
      "ac21343b71c54d4eee17bbe0224fa68c05bc9fa5988e7a300116aff3ee27efe7"
  }
, { mapKey = "hls-hlint-plugin"
  , mapValue =
      "aeab2415edd8a1e8abe8abf082313ea981ed5b908d8426124cd626f8b635485d"
  }
, { mapKey = "hls-module-name-plugin"
  , mapValue =
      "58f494c709134ada226b8b10c98db9f8e64b923fbf6c3df0d77ec92a7b5421a5"
  }
, { mapKey = "hls-overloaded-record-dot-plugin"
  , mapValue =
      "2f03ecf4e2871b9885c366d339745f97f339ccea3b55a0c68c5ea47deb2a864d"
  }
, { mapKey = "hls-plugin-api"
  , mapValue =
      "394b28cdab63b38e1642fc6fa85ca67857235dbb0f5d89d3111c2ba1f434cb28"
  }
, { mapKey = "hls-pragmas-plugin"
  , mapValue =
      "8a79d426a570f18e23c016697308c3d2c2d649ed29b427c018129c0c1c705053"
  }
, { mapKey = "hls-qualify-imported-names-plugin"
  , mapValue =
      "3f972242fa0dac107e3e9a4826d8a9cb407179e04f9bae534f078ee9fc133c79"
  }
, { mapKey = "hls-refactor-plugin"
  , mapValue =
      "5d36a6a7249dbb85c43ff923f0d8033332cf6f79fd3e2dad4b96067bde480ef1"
  }
, { mapKey = "hls-retrie-plugin"
  , mapValue =
      "928adebf36bedae54ec00f4eb7f35a2eb9107053ac4d4c8693ab487dbe2c5ca6"
  }
, { mapKey = "hls-splice-plugin"
  , mapValue =
      "3e27b99c4065c75b5ec3e6207d29a49748bdb2368bc0d2156a0f7fc1d8071717"
  }
, { mapKey = "hls-test-utils"
  , mapValue =
      "736b6e8bd716787854b17ee1cf070ca2bf7c7d5829e950c6be1878db3f11e431"
  }
, { mapKey = "hp2pretty"
  , mapValue =
      "d1f6c9acb24702266bf37fd6fe398e4a481e9f372382fb9c7027eb42b62b5bac"
  }
, { mapKey = "hspec-attoparsec"
  , mapValue =
      "c0b8033aa744e048218d00a4494b12e5654742e2e2ac6df91ae9452193b09f9a"
  }
, { mapKey = "hw-fingertree"
  , mapValue =
      "3a99150c1609388c981bf20aa674c511e5fc2de1f015f01cc6a2bbc212ea3831"
  }
, { mapKey = "hw-hspec-hedgehog"
  , mapValue =
      "7f509767a7471b1f1669644cfa01d49cd5719c809857e563f8fedaf67bddda8c"
  }
, { mapKey = "hw-prim"
  , mapValue =
      "a1bfdfe1ef1f92e7a7c6fb93950b6ee1a0e7031f506ba1b427150b6838209068"
  }
, { mapKey = "hxt"
  , mapValue =
      "9df4ab83941f5d95fefc907e838a1f30e10e2e5b9227127b6f3f029ace169881"
  }
, { mapKey = "hxt-charproperties"
  , mapValue =
      "eead7a0fd383a112edae83b8980480c723a9cbbb878838a54092ffcb79f6966d"
  }
, { mapKey = "hxt-regex-xmlschema"
  , mapValue =
      "a06f882480d8e66b47ae639cc2197bf57804a268e2e5f8ee907e4efca731c611"
  }
, { mapKey = "hxt-unicode"
  , mapValue =
      "c859141a6459f2d0665c8738362ae9bd3ebfadfb6f8f19019e9f927cfee4ae57"
  }
, { mapKey = "implicit-hie"
  , mapValue =
      "fb17fad8745789c6f9a40834a84b75a38cd10883e4f3bac9d22b92019207391c"
  }
, { mapKey = "implicit-hie-cradle"
  , mapValue =
      "2b6cdd932221c935065d18f6325d78c0d2ff90b942e1f13342d4598a3c7724b9"
  }
, { mapKey = "indexed-profunctors"
  , mapValue =
      "07e0fda09543523d9f5434aff169fb6c2ef20a50a5646a825e73d1113a3698e0"
  }
, { mapKey = "keys"
  , mapValue =
      "65d46f280d9b8c4e63201df96c6a8b6d36c5aaed1fba36a917e09a7e5110993f"
  }
, { mapKey = "list-t"
  , mapValue =
      "ac067f31cb9b693df7797a5077fbea6b3f7fcc3b840d2fbf9540be98f8bcc910"
  }
, { mapKey = "lsp"
  , mapValue =
      "c9acdb6bdb71cfd9c88f9aacf4e4aa9b93ec3363a47a27a7c34ebcabae0963ab"
  }
, { mapKey = "lsp-test"
  , mapValue =
      "1d92fc33cb9f84b28f4496e23ebb04fcfbb6e569cfe2624c1a6b41995e30f8dd"
  }
, { mapKey = "lsp-types"
  , mapValue =
      "6d3ce787af32e6ccc298988b148a8427b48c233bab6aadf421038eb6a38430e1"
  }
, { mapKey = "lucid"
  , mapValue =
      "b813663d1784694839d3c17f8e132dea87fc291ddb2902de9b9841485f4bc900"
  }
, { mapKey = "mod"
  , mapValue =
      "de528480f4c5b05d9febec91ddaf0971f6ce5322a50df326f78f9c9bf71839dd"
  }
, { mapKey = "monad-loops"
  , mapValue =
      "facdfdd4bd9699ec46511eae23008125ee0a6ce8c3b7e8ace37723363f5d94c2"
  }
, { mapKey = "monoid-subclasses"
  , mapValue =
      "373c28fd9ce59c07909c5122acf451d3805b3efd6c72ef32c9015c87374afaff"
  }
, { mapKey = "mtl-prelude"
  , mapValue =
      "5e5d19b0c41b20d58662bca11af230bcca6028d48a91575e1a834e8911d0e7c5"
  }
, { mapKey = "network-info"
  , mapValue =
      "812f1fd3e6a297a2e4761ad70c73ced43535e254eaae6d185c3f939960df8e23"
  }
, { mapKey = "newtype-generics"
  , mapValue =
      "5d9380354bae3ae93d23af4ec4c67d190c8c9f34e11b95050f62ff2524eca3d1"
  }
, { mapKey = "opentelemetry"
  , mapValue =
      "0e94610a574c08d6847d5a320d5f489ed6b59e28bb2e804fc22de396cd371553"
  }
, { mapKey = "optparse-simple"
  , mapValue =
      "1788168c873a4c2bf761e633d279ad8af2ab4ec696660293596b11dd604bd282"
  }
, { mapKey = "ordered-containers"
  , mapValue =
      "500d7ffecc1ea33c31e15c60d16f55187031fabe34e2624a092b42f28eeaf2aa"
  }
, { mapKey = "parsers-megaparsec"
  , mapValue =
      "1c4a89b0f25cca9d88fb097b66efa56b1e9320cf8d2210ac95a48c6656b395f0"
  }
, { mapKey = "pointed"
  , mapValue =
      "a692689b78efb8524c3d112dd0cf8fc5ce087d0b9fe5821e5aaa42bef5a398ff"
  }
, { mapKey = "polyparse"
  , mapValue =
      "df784a23fcaaadc712664d999be42c941cac0a997484a3e681ba00978c20bbfe"
  }
, { mapKey = "primes"
  , mapValue =
      "a4eefc22536201144ddab44d6250247ad168e39177fd69d97940ebb1e8122d77"
  }
, { mapKey = "primitive-extras"
  , mapValue =
      "abeef3e9f8092f729811eedaa0271fab3494cd488e9306b222aaba51eec2b36a"
  }
, { mapKey = "primitive-unlifted"
  , mapValue =
      "edea5b7ed350e278fea61206fbd54ecf7e0df9a9d6759fb047da31dbc59f5496"
  }
, { mapKey = "random-fu"
  , mapValue =
      "a322e8510b02b52018b793bf0f74e361832f9b136042d0a60e7a7d4642ec9427"
  }
, { mapKey = "rebase"
  , mapValue =
      "f6f77216768b32b11a31144b71e000c6dd11cb5b7bedb86b3929fab87f98f1e8"
  }
, { mapKey = "refact"
  , mapValue =
      "f7ffeadc51024d16fddb5dcce2c4d9c2b70cd7b68331312571b73904563304c6"
  }
, { mapKey = "regex"
  , mapValue =
      "5c08ee1ff10f19624fa1ea5fb36eec0a248cf0c6254e21db3c1e1dda1f275703"
  }
, { mapKey = "regex-applicative"
  , mapValue =
      "aa16143b5dd292c38738d191e3cdaabebea3720285c4fd6e596cfd64c358d5f6"
  }
, { mapKey = "regex-compat"
  , mapValue =
      "62f1da27bf8fbb788c0744cf3f77f0b6c8e03f2c7796fb70bfac6d1a6ba61abc"
  }
, { mapKey = "regex-pcre-builtin"
  , mapValue =
      "e75210e53d7b2e0e07dd95e35f474824a4ad482fd641dec9eb74bb7eab4d8819"
  }
, { mapKey = "rerebase"
  , mapValue =
      "700a9b32eb7057570fb3ec2522206d57eb8e9947a7b0a88de0132fa1cfc551d0"
  }
, { mapKey = "retrie"
  , mapValue =
      "0c063eefb5d2541df3cb440a07b633d014926f1392d75abf45dd21bc9898cd6e"
  }
, { mapKey = "row-types"
  , mapValue =
      "7952ab2c6353abc33446518e3bd29fbbf3cd6c777a866240270ea3da2b9d6025"
  }
, { mapKey = "rvar"
  , mapValue =
      "774d4ac930fe93919818686ac4e1d6585533c91c923a641061d8f84fb3b0043e"
  }
, { mapKey = "sorted-list"
  , mapValue =
      "ed81a3dbf1375f5e59dfbc163f14b76f1cd32def6de235b4097185abb3bf83ef"
  }
, { mapKey = "sqlite-simple"
  , mapValue =
      "81861556b03126934cc6234499055c0dd5e717ffb43fe27559cf484b2eb514a0"
  }
, { mapKey = "stm-containers"
  , mapValue =
      "2ea216a48745777b593979855f586ea0986ee8ff344f3bb1beedde70a51abe3f"
  }
, { mapKey = "stm-hamt"
  , mapValue =
      "825a294de54b620f42669aba28ba3ee36802169876555ad549c9fc674bc580f8"
  }
, { mapKey = "tasty-rerun"
  , mapValue =
      "19bf179e1e6e3d3a67f3a3fff2a097df20506fde8b12c44ca80b69eeb5cd54e6"
  }
, { mapKey = "text-rope"
  , mapValue =
      "d5815a8ab3e230cc689a477e5a2dc1f8db8632d6e9ff017bcd79dcf2c0d0bbcd"
  }
, { mapKey = "time-locale-compat"
  , mapValue =
      "c7389ed8032b00cfddd65449e49379400c0c9c19225c17044dc2f447010302fa"
  }
, { mapKey = "uuid"
  , mapValue =
      "7e7e192f8c7b0d539c732ffac51d752cd5a359df03266b8078d334bec07840c8"
  }
, { mapKey = "vector-instances"
  , mapValue =
      "650e5e332facf0d7559983fc4f450273e8c8747780eb5afab9deb7db1e598d2b"
  }
, { mapKey = "xmlgen"
  , mapValue =
      "b4c7e174dd0ea998a2b2cf079e7ba0fbf8b1d4f026910cc56ec386f733eabf3c"
  }
]