[ { mapKey = "Boolean"
  , mapValue =
      "a5a2d91e11128df03db22dcc23ee635716aad0a4c5de5e68e635d2aecfa391f0"
  }
, { mapKey = "Chart"
  , mapValue =
      "d97171b4fbd08ad6868e3a63902228828bc6b51666e251301873dc7c4dbbc5cb"
  }
, { mapKey = "Chart-cairo"
  , mapValue =
      "29cc855cf1dc6b547062f5d9173b091a3f0b746f66afbcc305e03d16b1aba62c"
  }
, { mapKey = "HList"
  , mapValue =
      "4adc561aca4978c1049e526fda03f8b437b9e4b405a1a469549fececece02e20"
  }
, { mapKey = "HTF"
  , mapValue =
      "ce4634ddc558e92389ad4848c638cd20e2bd51c2412e9805b57f05b070a73693"
  }
, { mapKey = "HaTeX"
  , mapValue =
      "5969c6ba429c7fdf09232317cd1fe56b04fdf090ada1a19bd3f818ca4813b663"
  }
, { mapKey = "JuicyPixels"
  , mapValue =
      "fab52c1a1dc352946724e58f2c38faa175973558796cf5950903983d7ce42224"
  }
, { mapKey = "MemoTrie"
  , mapValue =
      "7e541095aa46ba981e790af32c2c55c5f4a572ed4397a53064c51f9d58020bc9"
  }
, { mapKey = "MonadPrompt"
  , mapValue =
      "6b42cf50ee3ea5a5109f1ec6f48ec6b3f336db94069cb04065dee7a1cab75994"
  }
, { mapKey = "NumInstances"
  , mapValue =
      "a6cb2c1bf178a6450afcaa4c68f52def7e40fee281cc0adfd4feaea45680f3d6"
  }
, { mapKey = "Only"
  , mapValue =
      "4e0765080d8c7e2634ba6ac89761a0343a811968fd09c5127568786beca3a68b"
  }
, { mapKey = "Rlang-QQ"
  , mapValue =
      "d113c8dc3b810c5321bbd55317290b21defd00e4d41e83ac6052defffb432b3f"
  }
, { mapKey = "active"
  , mapValue =
      "23ad862b0813bb4a8d2267bb73b9e61750da90569b0801e02a1baf82c0ac1550"
  }
, { mapKey = "aeson"
  , mapValue =
      "6ba35e41a2dd0292c6325368ce2320678445313f4340c21444c9fd6643a20a40"
  }
, { mapKey = "algebraic-graphs"
  , mapValue =
      "da78cd3f91bf1a383871a2ddd6f6971b8d1db50b3fcf4803a17bf07627ed65c1"
  }
, { mapKey = "apply-refact"
  , mapValue =
      "2cb82202f813b695ac0b7be82cbae1d68db7af6df5844b8df8441b098833c03d"
  }
, { mapKey = "attoparsec-aeson"
  , mapValue =
      "13fd72ba4a7148df73383de64fb466ef7add42cad868695060b6c4c2d2fce062"
  }
, { mapKey = "base-prelude"
  , mapValue =
      "36a97e4d334dbe3435d0c59bd9906d70b3743d75faa3ac1e5c8abc2ad3ab846b"
  }
, { mapKey = "bibtex"
  , mapValue =
      "5cd5586f5133c5e3c19989eb9f8ccdc40e027eecc2668c7aced74881276d5be6"
  }
, { mapKey = "binary-orphans"
  , mapValue =
      "0e790b03a7bcad35da3a6d7debe06ca20569e1eeb0ebf1207460c4282002e1cb"
  }
, { mapKey = "blaze-textual"
  , mapValue =
      "b83032f5103b3ac8fd9d1cec87ecda6467969b62ae947b25b3c633f6d5a9c8ef"
  }
, { mapKey = "bytes"
  , mapValue =
      "02326bebe8eea78745bcb608607adc19e504f34f47bf78fdb9818b3f8fde9c2b"
  }
, { mapKey = "cairo"
  , mapValue =
      "fe83dfa092741b554e651e5b43d14d275450942c3047e92ec578a755fc9d3c0f"
  }
, { mapKey = "circle-packing"
  , mapValue =
      "5eb86b976a0c9883fe02dbd83db11a10833b60e3d91589fbdf712e01808b36d2"
  }
, { mapKey = "co-log-core"
  , mapValue =
      "304d2c74dbcf987a31ddaea1aa7bb4f6f3210201ca3b38b97227a8018e0e16c6"
  }
, { mapKey = "commutative-semigroups"
  , mapValue =
      "0787cb2b7f7ff2fd249c70afaf72e809a9edcf6d2935ff54cf044dee4190840c"
  }
, { mapKey = "conduit-parse"
  , mapValue =
      "6742b84c24043c6c23af8570ab00fe79c612ad02ebe508a3b6dd5b370870db7e"
  }
, { mapKey = "constraints-extras"
  , mapValue =
      "219f45626f32dd916bc70cf28e3efc15cbbd04ecc47e68104ee541d90b533a12"
  }
, { mapKey = "cpphs"
  , mapValue =
      "e1336bc104d19f08728e1ae4a1543cc97cff948dc39fe11fc6d75a290c4f6767"
  }
, { mapKey = "cryptohash-md5"
  , mapValue =
      "c1284ad5555b4d49c2d4a0441ca2d9411774796bb27537a9306d488999fc5fdb"
  }
, { mapKey = "cubicbezier"
  , mapValue =
      "7dcdc6266fc84b48460c6d0463b0cd30c518f39ea8c9d0f10db7bdb561e9b504"
  }
, { mapKey = "data-accessor"
  , mapValue =
      "b9b93a997ca426b5c2184184ebe16bb48060b8df2da916023b540e25300431e8"
  }
, { mapKey = "data-accessor-transformers"
  , mapValue =
      "5a103616e8974470e504508917186239ba40eb6bea764d3417bf132020046afa"
  }
, { mapKey = "data-binary-ieee754"
  , mapValue =
      "4f47ea5ed0135495678a770b62277340925d493fdbfec71880aebb87331f84a6"
  }
, { mapKey = "deferred-folds"
  , mapValue =
      "e56759552a34a5ed09223b5af7cbcd8e110fc52995556dd3af53cebcafb26743"
  }
, { mapKey = "dependent-map"
  , mapValue =
      "45d6c8ecc4e64a88f0bef9f8a08001750e5883078ac14fb0d4b3e503cb84fff8"
  }
, { mapKey = "dependent-sum"
  , mapValue =
      "ed897cca1b78ef2d1901135f617097d9803146931fc5132903751c8520195108"
  }
, { mapKey = "deriving-aeson"
  , mapValue =
      "d1cd3dd05df053e0fcc40de6a6f155c8e6157136fd0d31dff52e68a7e54bd5ce"
  }
, { mapKey = "diagrams"
  , mapValue =
      "90a7648063dcbdc4152389b5dccf0e2af0a6f221e2e7e1f61454b23bba933244"
  }
, { mapKey = "diagrams-cairo"
  , mapValue =
      "a1161f7f4a1027bbaab4f9342c00c2422233b48ebb64d393a2280f9ee12afbe1"
  }
, { mapKey = "diagrams-contrib"
  , mapValue =
      "224c7b2e497ff4e058cba4ce2f4c3e235453ebc8e731bb889252928a46bb3639"
  }
, { mapKey = "diagrams-core"
  , mapValue =
      "493b5ee4009d11c2804647783f98f408a4077f340b0d1d0a77cf7867f9a54c52"
  }
, { mapKey = "diagrams-lib"
  , mapValue =
      "5bd5d7d2e638ed260c445418b9c4a0a5380239b536e33ac853c6fd6e3bf27d27"
  }
, { mapKey = "diagrams-solve"
  , mapValue =
      "01187498486c284856dcc5ec8d5456a5d5bae73cfe8ea587a7669f1cec0c8379"
  }
, { mapKey = "diagrams-svg"
  , mapValue =
      "e94176003d124ed2a5555079c4e5043a00ac57b6843f48e8098405333107f949"
  }
, { mapKey = "dictionary-sharing"
  , mapValue =
      "a2b9f054b07c7419358b0dd07a8136f47a205be38eb8bb2164b1086b51f5c733"
  }
, { mapKey = "direct-sqlite"
  , mapValue =
      "544b47af502e431d71514ea4ad34d83b9dddd2543f20faf6302556b6a6da6f84"
  }
, { mapKey = "doctest"
  , mapValue =
      "aa3d0ba9693893bd932591671682e4e4b961b7b00715e855866c79c885071a9c"
  }
, { mapKey = "doctest-discover"
  , mapValue =
      "42263f611e31f2931f7e925fe252bfaf060874a9403d944a8fa7edaf6de265c9"
  }
, { mapKey = "dual-tree"
  , mapValue =
      "e6480f5faae47cb9d0c5cad6d0acc554f6a7914f4599a7c1733fb87cb381e7fc"
  }
, { mapKey = "enclosed-exceptions"
  , mapValue =
      "74102511cb03874f0fea126524e5ab1282a1791ee51fbd628630bda5aca5f334"
  }
, { mapKey = "enummapset"
  , mapValue =
      "19bbcf69d201bb772404727471c2e5c17900a17c0dac6b8771c1e915771a5e89"
  }
, { mapKey = "fast-math"
  , mapValue =
      "e5cf03a39ba702114323710f0b5e755a8f89af5e4d6b73e0f811a4e7f2bb3173"
  }
, { mapKey = "filemanip"
  , mapValue =
      "8e8a623fe6d40b413cd0782bc6f0ab0b2df4769023489288491bf7992af7fbb5"
  }
, { mapKey = "filtrable"
  , mapValue =
      "59e78910a57b9e2da774d1c97796d55c90a87c721a5f4b51e9934f0189ac13e4"
  }
, { mapKey = "floatshow"
  , mapValue =
      "d38c8d77eb70139d02b57a38a5f692b6deea5617ff3ee59d639a8023c64fc937"
  }
, { mapKey = "focus"
  , mapValue =
      "112116a5678c16fd8c9e7b0f2362644c8618c024b0fb8162186c19a6e47b2ac4"
  }
, { mapKey = "force-layout"
  , mapValue =
      "da9f3eda4c22cd3486aca5eebbbfea1478f2da0daca0a8ee68afcc1c44d3e7ed"
  }
, { mapKey = "fourmolu"
  , mapValue =
      "9fa03d0f19c96bbf26bff24cb7f7e5511ac19f4eddbfa5d24e1d4e1bbf1d42b3"
  }
, { mapKey = "fsnotify"
  , mapValue =
      "6ca7ab9def7fb6f503da2be5e599126e900faa486eb0b7ab44e8a856e0bcc9a9"
  }
, { mapKey = "fuzzy"
  , mapValue =
      "843108589bca1f496bba33a1a813069222727f91b1de7a3d9eabfcb04f7fa7b6"
  }
, { mapKey = "generic-lens"
  , mapValue =
      "8059afb761f1844f118a50c0e5a3f1d84e1238e342e0f7a1674a163a44e8cfdb"
  }
, { mapKey = "generic-lens-core"
  , mapValue =
      "66f6b1f09130a10490a955b14099ccb9af95754f5d168e04db2bf38f2b87ba97"
  }
, { mapKey = "ghc-check"
  , mapValue =
      "6827de1e89f6fb0eaf55481a08fbad4f094c94165d952cdc89d5b226e31a60e4"
  }
, { mapKey = "ghc-exactprint"
  , mapValue =
      "86c9f1ccfc4c6f20c73c6c14d1066ca78672f9b6ead0983566c8914c125e6abd"
  }
, { mapKey = "ghc-lib-parser"
  , mapValue =
      "b061d153316fee339102210fffbc058f60e1ba57a41e544984dc175b2ed48eae"
  }
, { mapKey = "ghc-lib-parser-ex"
  , mapValue =
      "3b71233a5610b982063a40af3f989df4df18e32af1a9941756ed63e133bc1a2c"
  }
, { mapKey = "ghc-parser"
  , mapValue =
      "9bdabc4f809d23094898fbf03161b8489df5ee030190990339f0ee0bd75f50a0"
  }
, { mapKey = "ghc-syntax-highlighter"
  , mapValue =
      "77d2e9e63ed098639843e30471dbcce7b2fddaeb33d8047cc737abc94a5ad765"
  }
, { mapKey = "ghc-trace-events"
  , mapValue =
      "4d4ab6f0edc58050377b4abaa66473d76735aa1184a61c4976e1f9ad538aaadf"
  }
, { mapKey = "ghcid"
  , mapValue =
      "27a300261994b76985ee9afd9d13fdfc3ec12ac2a93e3ef794dbc79332e71333"
  }
, { mapKey = "ghcide"
  , mapValue =
      "9edfa2d3b15263f3645ee3ccadb087242d5f565fad31e8e5a06183bd1859e643"
  }
, { mapKey = "ghcide-bench"
  , mapValue =
      "346006ecb5a1d76ee610d30e2292d80d0e26d24237bd81c6d99e7ba637723a09"
  }
, { mapKey = "ghcide-test-utils"
  , mapValue =
      "7783bb68493ae70d3870dc90e0f628ebecc5dd0917142c3d8efb02082fa44807"
  }
, { mapKey = "githash"
  , mapValue =
      "06686eb7f1bbde62e14b8a7847bd0d8da469a16ee4b9925691ca6e2263d0b972"
  }
, { mapKey = "glib"
  , mapValue =
      "551a882978fbab0d6f8a8c893bd1b69d7194c9a69cce8575ebd0cf38fd8ca33e"
  }
, { mapKey = "gnuplot"
  , mapValue =
      "eef42cd4a69e70528cdf0429aca2553cd1bad05a5221adf4fad1231584169567"
  }
, { mapKey = "groups"
  , mapValue =
      "a3603a51e265f3e1ccb34d18a4571efb37ac0e5700e71ec77b23610d3c905a0f"
  }
, { mapKey = "gtk2hs-buildtools"
  , mapValue =
      "a5b580575a6b40323b61c72d71313f0d4f0aa6dfe0d619f38c09e9b8fe9ac4b8"
  }
, { mapKey = "haddock-library"
  , mapValue =
      "b94e3a14877b18a9656fe1e163a4c78d6b3b81cc0abae7bbd9eb3a155118beac"
  }
, { mapKey = "hashtables"
  , mapValue =
      "056fe6e9bb44ed1d2f1f3362ec3bf3857c76356c787ca816479fbd66f79f39c4"
  }
, { mapKey = "haskell-language-server"
  , mapValue =
      "2fc5585a25c0315a2f4ea173d0493e3abda4a5d6691cae2d2ce4c498e32da678"
  }
, { mapKey = "haskell-src"
  , mapValue =
      "36d7a57da42a36cad9b7441637f69d715f80c9a1cf553d7269aa88c6f8148253"
  }
, { mapKey = "here"
  , mapValue =
      "01e2f7420ed96dab112825c9507a465d3eb5a72ed7f3819cc22343695dae08a3"
  }
, { mapKey = "hie-bios"
  , mapValue =
      "c3b86c1282ecba1e6a97d7db7965812356b545b3fa2e17bc10f9a7845b4fcbfc"
  }
, { mapKey = "hie-compat"
  , mapValue =
      "e838f18eb142feb6eda471d2e84f37651f1b34da5aa4179b369b5d1cde55d45a"
  }
, { mapKey = "hiedb"
  , mapValue =
      "34532141efb19461bdad5c3ccbca97e3fc1b448472b450831d043d628f101f49"
  }
, { mapKey = "hinotify"
  , mapValue =
      "779f78e1f4233065fb65e1c6cbdf924b7ba5da63ef948a8564c0e52453ee220f"
  }
, { mapKey = "hlint"
  , mapValue =
      "6b09b59b26f528f4d056c2a39cbe8bcfec5d7a3c72bccb3338cf22bc9cb8dc1c"
  }
, { mapKey = "hls-alternate-number-format-plugin"
  , mapValue =
      "92aacd84e8a6b58fff4dafaadffd9060d0e5ca8c531cb4c58c2450e6fedd3664"
  }
, { mapKey = "hls-cabal-fmt-plugin"
  , mapValue =
      "153439ed876e3be2769b4da67e0d7ce70a8bd2fd0a3eea81f001bdfef96b3664"
  }
, { mapKey = "hls-cabal-plugin"
  , mapValue =
      "486deece365a0cb1216cf3ac5901137075eeb7a8c7eb57c9d9f0bc32afdefb21"
  }
, { mapKey = "hls-call-hierarchy-plugin"
  , mapValue =
      "3a27fe7a1cdbae9a70872bab363fdc7c36569e9d68de3eea616588bcc60c9022"
  }
, { mapKey = "hls-change-type-signature-plugin"
  , mapValue =
      "89334111d59013e9d301edb45bf95e2a235bc26b23260edd1df365062476ceba"
  }
, { mapKey = "hls-class-plugin"
  , mapValue =
      "d30147349dfe104406d946f48026c5d7d3b800acf685dc782a299809164e8fc2"
  }
, { mapKey = "hls-code-range-plugin"
  , mapValue =
      "bca4a8c8831758a80dfcd12575097b58e5677fec302cbfdc5092855aa62159d2"
  }
, { mapKey = "hls-explicit-fixity-plugin"
  , mapValue =
      "72af4dcd3307a1c5b2ca6faf9571423132b7b40888403d8229463b840fbd8eec"
  }
, { mapKey = "hls-explicit-imports-plugin"
  , mapValue =
      "27d3139b17b219769d4388ccff1ba9d65f4c7db30c6ad34a6e7b2179dc417169"
  }
, { mapKey = "hls-explicit-record-fields-plugin"
  , mapValue =
      "673c9031d55cd3ce3150589c0b5c07d42a4dd7097d1ca870f2d1cd59eebf4dd5"
  }
, { mapKey = "hls-fourmolu-plugin"
  , mapValue =
      "ca1e5a8dacef3773f3eedf97a327a9b4568b16774f201d7bf18902ba15093120"
  }
, { mapKey = "hls-gadt-plugin"
  , mapValue =
      "b30a152a05d3f6029d5f00f8b2f286047143d2916a2a0f834924391536e89698"
  }
, { mapKey = "hls-graph"
  , mapValue =
      "24d35380546de1bad900b178cd1ae0dd3be458affe73da3c254f6f8931b86457"
  }
, { mapKey = "hls-hlint-plugin"
  , mapValue =
      "7201bdd85fc2c7fb39f59b25291bb2d215ac61507816d7c331c23d878ea6bb0a"
  }
, { mapKey = "hls-module-name-plugin"
  , mapValue =
      "ca06f5bf9f0bd581fcc00d8e0fa66064776af2a2b9ea4503f8aa01532bb2fe66"
  }
, { mapKey = "hls-overloaded-record-dot-plugin"
  , mapValue =
      "ee1a5c0bd0a0a64112cfebbfe550520804499c3c64ae45e97ce6ebede9a319bb"
  }
, { mapKey = "hls-plugin-api"
  , mapValue =
      "8230b46c31c865c7fd381f00c45134bb4fca01a4af99ebd965575bead6369d3d"
  }
, { mapKey = "hls-pragmas-plugin"
  , mapValue =
      "6eae993ef55330aa3809b0e5ef71d5a9f4ab127e51d3f256a9ce1dc3a2bb375b"
  }
, { mapKey = "hls-qualify-imported-names-plugin"
  , mapValue =
      "5247ca1bd1d0938144b5272dd6150d86091081e9851f7ac0770b5c829359ed6a"
  }
, { mapKey = "hls-refactor-plugin"
  , mapValue =
      "f8a1e01059e4b38a8e3dd03485d177f0a09f08438c4453dee070ced28c7f3262"
  }
, { mapKey = "hls-retrie-plugin"
  , mapValue =
      "958111f98b4d94dc93433f12e41cb9b6dc3409c4be21185ed5b2348f90caaeb8"
  }
, { mapKey = "hls-semantic-tokens-plugin"
  , mapValue =
      "e6fd35c53c305e6d4e8c1ea267d5ab6222762945d2b92ba1be8e76f5a8d0b04a"
  }
, { mapKey = "hls-splice-plugin"
  , mapValue =
      "1bb69532bce4ce412b9ab0b4e419ab665f5db9c17fa525221d7f442ab4a77a85"
  }
, { mapKey = "hls-test-utils"
  , mapValue =
      "7f8b4867ea138b85a2360f12c008529b642a44c16c2d2aeb1e1265d42a15f67d"
  }
, { mapKey = "hmatrix"
  , mapValue =
      "e58ca8f4a4ca5f2ee87eb1afb9540f8866d5964afb8cb67427556612e2d9031a"
  }
, { mapKey = "hp2pretty"
  , mapValue =
      "bb797ffbff4de9eb9e26b1cdf5f08de1728ec765483a580fa5b7f52d9c0082e5"
  }
, { mapKey = "hspec-attoparsec"
  , mapValue =
      "6a7707b3c38b73f697cc1d9e2d07f1826e59e2ab8cb9b3fba0a1bfa88fca86fa"
  }
, { mapKey = "hspec-contrib"
  , mapValue =
      "52d18758b205d37ba5600eb7ebf4fc5c59c4b0f56724cefaa45e3de2fcf61e50"
  }
, { mapKey = "hw-fingertree"
  , mapValue =
      "9f632448ce8466d56013f0130a2a5bc27414252b3574b35526ebf36360d1b07f"
  }
, { mapKey = "hw-hspec-hedgehog"
  , mapValue =
      "6ef80fd8095a6cac628d9c6e4c8f8bfcf86b0c79d91f95505308960342e80272"
  }
, { mapKey = "hw-prim"
  , mapValue =
      "c45402de191df72544b6a52c3368e40e949b0e02340431ef252c8cb94cab3170"
  }
, { mapKey = "hxt"
  , mapValue =
      "f9bfc42fdacd114abf0aa90010689db6eaf13690f078fa87cfd62d77a0f7f1d0"
  }
, { mapKey = "hxt-charproperties"
  , mapValue =
      "4d895bf8cd6c4aad2643d2ed29a2bd96b2c94390a7655036673c74f0d79ad2d1"
  }
, { mapKey = "hxt-regex-xmlschema"
  , mapValue =
      "e497006381a9237acadc3aa5cacb57745a65137a3b79bfe06eefd1ef5b43a18f"
  }
, { mapKey = "hxt-unicode"
  , mapValue =
      "3534b66f32776372067bf9260d2e25ede64be6f142f5df05deb448c085ddca24"
  }
, { mapKey = "ihaskell"
  , mapValue =
      "1c2dd4359f56a257ce23d45f4d2d31f753f3a43243a1698797b04fe14df8d1e9"
  }
, { mapKey = "ihaskell-aeson"
  , mapValue =
      "842c423f32d02b4d0b606e1837bf8205996946245e1d653dbe7a0baf7ea13f9e"
  }
, { mapKey = "ihaskell-blaze"
  , mapValue =
      "08563533bf541ad8202f328a8ef70e87da775086a1a21004d90cd3659b21e1d9"
  }
, { mapKey = "ihaskell-charts"
  , mapValue =
      "a2081fbe546a7addd3adb6546245143b4ec2301ac53ebb6285037c1d6bd35424"
  }
, { mapKey = "ihaskell-diagrams"
  , mapValue =
      "97f9bbd6f61aef60e7e4b99a3d001dbb2256ac727eefb9c8c8f366fe677aa0a9"
  }
, { mapKey = "ihaskell-gnuplot"
  , mapValue =
      "03f76ac52191746fb8037e7cb36007d7b44340bbb2e1776dad8d0d79f7dd1a5a"
  }
, { mapKey = "ihaskell-graphviz"
  , mapValue =
      "38e200d653d6318b48d2e2017900ba9e1eb93d34b9d0039bf93d94ad454815c9"
  }
, { mapKey = "ihaskell-hatex"
  , mapValue =
      "87bbc95472d42a1eb4611b41c2882763e5ef4cf6c4a6f66e1de072ea51865ae1"
  }
, { mapKey = "ihaskell-juicypixels"
  , mapValue =
      "ed9258e769fade2f5b9913b89274a2cace528fa026691b6b1e70785e00de6f8f"
  }
, { mapKey = "ihaskell-magic"
  , mapValue =
      "d1bf233ea6f69999f86a1b005f48de53442745a3c591524807465cc01ef8bb0b"
  }
, { mapKey = "ihaskell-plot"
  , mapValue =
      "aac5e1c3701ce9bbff9c7434d3bd53a53714f43d8446d4d714ada5b2d4981672"
  }
, { mapKey = "ihaskell-widgets"
  , mapValue =
      "a2a8e3c17799cb407a970868e40335e0d376595b089dc0904f0eee6571837970"
  }
, { mapKey = "implicit-hie"
  , mapValue =
      "ce165f10d3d26190b9b754ce90c3a864bdc4f0d29316aeb91298ad0e54eee401"
  }
, { mapKey = "indexed-profunctors"
  , mapValue =
      "560bdb0be8747e2d48f739d6046a8a66cd95adeea7b2be4a395d9d068eeda73d"
  }
, { mapKey = "integration"
  , mapValue =
      "c44d0ffeb54a34147a0e46506820d474783a346a35e368be173f6a77df9feefd"
  }
, { mapKey = "intervals"
  , mapValue =
      "890e40249ef3035fc331d5d0e82e35100962ee7e061f0fc791f2a7b5c8c9b0c7"
  }
, { mapKey = "ipython-kernel"
  , mapValue =
      "71aa4cc5d8523427354138893d48d56bf2a2d11b7845d9cfb4c9928911bf767d"
  }
, { mapKey = "keys"
  , mapValue =
      "8256447d3407803e7420b5f0ffa6a67863af27c123420a9f9c9f41d54b119e2b"
  }
, { mapKey = "latex"
  , mapValue =
      "e38269e4eebc243d1fbe9579454fc5c47b7bf72036f632f715386fc676e16217"
  }
, { mapKey = "linear"
  , mapValue =
      "386b2d390f08545fc758ce6297186a2354c696d693ed1f61d7c9df047e5f0838"
  }
, { mapKey = "list-t"
  , mapValue =
      "95da0c735dac79d5d8320e66aea24e5ed1bde8e081daffe353eacd0324d0f991"
  }
, { mapKey = "loop"
  , mapValue =
      "249f155463736a409245a576ea6de975ccf30e512ccec909a48dfc6a8b161d44"
  }
, { mapKey = "lsp"
  , mapValue =
      "c7e4a9f290dcf3bd33ddc530db8dcf84d9358b21dc770c36bad52e6a717cd1e0"
  }
, { mapKey = "lsp-test"
  , mapValue =
      "c080ab6f7129f32f2a1039ff7ff4a6017826ce1ae66f67770c4cb694b8278387"
  }
, { mapKey = "lsp-types"
  , mapValue =
      "da21fe553c7e69850f1954ae08dc17caeead187bfce2fc85a96e5cd91e97f7bd"
  }
, { mapKey = "lucid"
  , mapValue =
      "754e251ad63dca5d3a93223179e6c5f859b6d33719b22de0555f588dd18982cf"
  }
, { mapKey = "magic"
  , mapValue =
      "a6bed58a68a782dd173c8fbcc7078620cb83a6ae8341fab2984bde7b9cd2d489"
  }
, { mapKey = "matrices"
  , mapValue =
      "5e07a77f0c10428c736fe1e7df7c59013cdae7d63db4b1b6b746977ebea4f415"
  }
, { mapKey = "matrix"
  , mapValue =
      "9a398c303ddc0d8e51fb71f76e545bcd24bd572a9ef0919e50dcfd0bf8cd5e63"
  }
, { mapKey = "mfsolve"
  , mapValue =
      "0250f35ef6dbae31580ceda1b8728ecb688b19195ce633102327b93b70519d04"
  }
, { mapKey = "mod"
  , mapValue =
      "1459b375fab14f2195896b4720a9c75a9fc0cd21ddcdecacf07e5f19a5cd0435"
  }
, { mapKey = "monad-loops"
  , mapValue =
      "9e892959f9567cf0b78abc681b45f77423c75997ccdc223f4e08504edb16ab5c"
  }
, { mapKey = "monoid-extras"
  , mapValue =
      "a6177db1e1084f8535f5eb3a16437590673bd7341d679121b04261fe232241e5"
  }
, { mapKey = "monoid-subclasses"
  , mapValue =
      "17af1f5c9e30a28860a8fb9837141a36e044092f263b590d758c60dc3e8089ab"
  }
, { mapKey = "mtl-compat"
  , mapValue =
      "57b6159b3d1f785819c1c8133e9311bc6d3a2fc0873ec62d210936377a376660"
  }
, { mapKey = "mtl-prelude"
  , mapValue =
      "638e6d6a8159700da9f73243a30c376687d27b657a6532ec289199e1be926473"
  }
, { mapKey = "network-info"
  , mapValue =
      "89924b85b7905e4ab0223729139d80caa3c6c5d1b7f4db0a0f03c606060f3876"
  }
, { mapKey = "newtype-generics"
  , mapValue =
      "8a81caf0085c3b19df937a549a9cf0a4ad24a9cc1960d077217c6d2c8682b2c3"
  }
, { mapKey = "numeric-extras"
  , mapValue =
      "872140d75e4cbd197edfc27c7076bf1434797973d6070c4624871a9003d4844d"
  }
, { mapKey = "opentelemetry"
  , mapValue =
      "3c7983216e4104893ec642db647590e3c384be551ecdceea54e8fcfbe0eddf8e"
  }
, { mapKey = "operational"
  , mapValue =
      "d177349e7d3167aac1de06a34454c36b340a8041494b7c24d9f23e335f96f9f0"
  }
, { mapKey = "optparse-simple"
  , mapValue =
      "2ea684c1980e64b49ec28ba94804c76449a88d6ca0c4509e39ead9172e92d6e5"
  }
, { mapKey = "ordered-containers"
  , mapValue =
      "ddbc66954cf980186990bbb268d7310cf7b35d1f3b5f7bec3f1d7a434b79bd42"
  }
, { mapKey = "pango"
  , mapValue =
      "9069ad12fd666ca8127d934dfbbb6106a2d11f2a356156802d4825c302c844c4"
  }
, { mapKey = "parsers-megaparsec"
  , mapValue =
      "ace3c37315a45b12d2d9cda00a3c65d6c157ebc1a2955c0c01a99b83c86f457e"
  }
, { mapKey = "plot"
  , mapValue =
      "de46622f85be2c0b13996de414c6af0a2ad1849de516e24f774288910fc69419"
  }
, { mapKey = "pointed"
  , mapValue =
      "fded6a40835d67003ccf408de079b4e34ee818d4382497dd31b8911915d46bf9"
  }
, { mapKey = "polyparse"
  , mapValue =
      "f57be66a4045988d90930c51cf2eb15e6c9da8969a29d92e3e52be4f68e28354"
  }
, { mapKey = "primes"
  , mapValue =
      "0e3dbe30a8838b6b0b35bed0a523457a97a75d9da3d8ee467a95ff75f63684b6"
  }
, { mapKey = "primitive-extras"
  , mapValue =
      "320fbbe427341a52001b7b6befe6c7c3e9a1a5bc349a4dab804183ab34c9c0c9"
  }
, { mapKey = "primitive-unlifted"
  , mapValue =
      "6363c16540857ce8277f470d7e63cec16e9c133464791998606a9bb7a3fe99d5"
  }
, { mapKey = "random-fu"
  , mapValue =
      "c8084e5deccd818d0d820b2ef691b27216836b4e851b91c9c9a701a37e673e29"
  }
, { mapKey = "rebase"
  , mapValue =
      "fded37bceb166c0d1ec4b2176fd5eb47c7bc66d663d3854f12a01b69901f3cf9"
  }
, { mapKey = "refact"
  , mapValue =
      "8ee877270c0539491035666c439b342e191c2511f631a1d7d22e4af558eb48bb"
  }
, { mapKey = "regex"
  , mapValue =
      "3c3b2fda23424d7c97c472ad43fbdbc72d73ecffd2fc46e02d731b6481d15b1d"
  }
, { mapKey = "regex-applicative"
  , mapValue =
      "e50e26de94b3ea3c80aa705310e2236ee6d6b446a2f622f02f5eff7e5bb42bf4"
  }
, { mapKey = "regex-compat"
  , mapValue =
      "8ff8dc705121f5cfde4cb20bb42d178f0f265d849f600b4b84b5d7e7e6b6b7d6"
  }
, { mapKey = "regex-pcre-builtin"
  , mapValue =
      "ca92c950bb13540ffff121d5e9b3cd6f4c76baa7a4cc1409a5644e8896dc386c"
  }
, { mapKey = "repa"
  , mapValue =
      "0b4f107466d0710ee9b5784e6b6da186af211da45446300ce8dcd397936a8131"
  }
, { mapKey = "rerebase"
  , mapValue =
      "d505bfe2c51dd675d084ebe2bd4c233073f58d9a6e360a047f9c3377941edd70"
  }
, { mapKey = "retrie"
  , mapValue =
      "1a6726c0d413971f238284c65466d50a20dea48aa4f8fd87a68db0bd2d1ec10d"
  }
, { mapKey = "row-types"
  , mapValue =
      "d9e1b26d3fc894f6d568bf15d47df207b08aebae8634ef79406af7447f2e3cbf"
  }
, { mapKey = "rvar"
  , mapValue =
      "e5963cf430f6d06490a8a007c39c6401a94b253d4f89c34dae82cc18e83b0e27"
  }
, { mapKey = "shelly"
  , mapValue =
      "08577740c05fe2d59f5c17adbf90582cac19f1616ff1810f643d2257085f6b44"
  }
, { mapKey = "should-not-typecheck"
  , mapValue =
      "1717d7c0f31b0967e52cc37c1fc46009c742a5a2afadcbca474e848049827ee1"
  }
, { mapKey = "singletons"
  , mapValue =
      "3d63bbbea8e6925eb96538e59bd01125d5a862ff1a04af0dd9298dd7f942a961"
  }
, { mapKey = "singletons-base"
  , mapValue =
      "1be72ad8dfcbad57cc237b56e360842c47efedf858d0fde8eb27cfbb042fa832"
  }
, { mapKey = "singletons-th"
  , mapValue =
      "59a1bf6e5a01bf2d32f64332b3278571c7ff7e422b9be259345151cbcd29488e"
  }
, { mapKey = "size-based"
  , mapValue =
      "1d02605933f76daf77973afbd8147abd45d3282026910454a8fd53e9be82f677"
  }
, { mapKey = "sorted-list"
  , mapValue =
      "f776ec7f9ece92edfc3dde4f2a2d9592a4bd506339030feeb34a18e3ad3e02d5"
  }
, { mapKey = "sqlite-simple"
  , mapValue =
      "7f04c4359c977009d92d1fb8abdab695e8cf35c1ef3fcaa73d332a6788e15403"
  }
, { mapKey = "statestack"
  , mapValue =
      "e9015317f9844f769a4d0263656c0a281ef34b12c0f90609860b9531f4908d63"
  }
, { mapKey = "stm-containers"
  , mapValue =
      "caa7affd404e84e9d9c275fafff958bd1b780714f70a2856e5f4f617fd17b1c3"
  }
, { mapKey = "stm-hamt"
  , mapValue =
      "caf60d5f13076c5a4380d3263d8f7a78ac15a2b2eb1159f2f533c7c98c0b9e78"
  }
, { mapKey = "storable-complex"
  , mapValue =
      "1885c78aa0fae4600af14b9ef5ec116c40048fe82c5157a6963a5473a6f40446"
  }
, { mapKey = "tasty-rerun"
  , mapValue =
      "bd4ee0e884c4e2e233e43b30d48b3ac2975aa3fc1068bf6e40cea3bdf57331c1"
  }
, { mapKey = "testing-feat"
  , mapValue =
      "cb1adc5251ba0d9fc200cec51040d06f85e85c43d563474e15309c66cea9a8b9"
  }
, { mapKey = "testing-type-modifiers"
  , mapValue =
      "9ed76b206ec633548ed0dcfd8d9b85c4cd44127797e62c3a01cca2fce1c6193f"
  }
, { mapKey = "text-rope"
  , mapValue =
      "92a4deb384ae52a9af277aba27fe412a03962c4ef2bf4808a993bcf3a93db715"
  }
, { mapKey = "th-desugar"
  , mapValue =
      "f8e1b66fe2c1c687dd6020f71999ac39860c0cc32108df632f9ed661df0d01d0"
  }
, { mapKey = "time-locale-compat"
  , mapValue =
      "67518c7ca215c1849c0904262f4f449b41437d78d5460c6bd980b5376173ad4e"
  }
, { mapKey = "uuid"
  , mapValue =
      "3c29a457a620291da7cff7a39baf60a2edc4a9c83d9ada516a64890f9cbba6b9"
  }
, { mapKey = "vector-instances"
  , mapValue =
      "fbbaa9d7e4068af474d2548d208f2a4f00f9fa21b26a6cd74d795470618bcf45"
  }
, { mapKey = "vector-space"
  , mapValue =
      "6a6a960311bc07995f2a4902b86fbf3e4d8f781dc5717b9254bffb6e1a0ca7e6"
  }
, { mapKey = "vinyl"
  , mapValue =
      "6b9155d117ca5f5f16b0f81d9903bb91d4b6c7a8eae2efe400597ec470f160d0"
  }
, { mapKey = "xformat"
  , mapValue =
      "1d68f67f584364fd7f922b7205c5faafd0aea25683065f546dc37de862af6993"
  }
, { mapKey = "xmlgen"
  , mapValue =
      "a4866db1f5b790cb90cac6f01b49c4adacfa7b7476ba9d1937411fee351389ec"
  }
, { mapKey = "zeromq4-haskell"
  , mapValue =
      "6b87d121f4ddbc9cac29d1d1f032aec8f5e0dd89e20fec6f1109bacc173fcf5e"
  }
]